
Microsoft Visual Studio Solution File, Format Version 12.00
# Visual Studio 15
VisualStudioVersion = 15.0.28307.757
MinimumVisualStudioVersion = 10.0.40219.1
Project("{FAE04EC0-301F-11D3-BF4B-00C04F79EFBC}") = "LoginEmpleado.CRUD", "LoginEmpleado.CRUD\LoginEmpleado.CRUD.csproj", "{2AD29A88-0852-444F-A07F-F0B3AF972D0C}"
EndProject
Global
	GlobalSection(SolutionConfigurationPlatforms) = preSolution
		Debug|Any CPU = Debug|Any CPU
		Release|Any CPU = Release|Any CPU
	EndGlobalSection
	GlobalSection(ProjectConfigurationPlatforms) = postSolution
		{2AD29A88-0852-444F-A07F-F0B3AF972D0C}.Debug|Any CPU.ActiveCfg = Debug|Any CPU
		{2AD29A88-0852-444F-A07F-F0B3AF972D0C}.Debug|Any CPU.Build.0 = Debug|Any CPU
		{2AD29A88-0852-444F-A07F-F0B3AF972D0C}.Release|Any CPU.ActiveCfg = Release|Any CPU
		{2AD29A88-0852-444F-A07F-F0B3AF972D0C}.Release|Any CPU.Build.0 = Release|Any CPU
	EndGlobalSection
	GlobalSection(SolutionProperties) = preSolution
		HideSolutionNode = FALSE
	EndGlobalSection
	GlobalSection(ExtensibilityGlobals) = postSolution
		SolutionGuid = {8437BF77-4966-4F0F-9059-D3EC86A33DFF}
	EndGlobalSection
EndGlobal
